// !$*UTF8*$!
{
	archiveVersion = 1;
	classes = {
	};
	objectVersion = 46;
	objects = {

/* Begin PBXBuildFile section */
		2C6AFC491C1A348A008DCBBE /* Notify.swift in Sources */ = {isa = PBXBuildFile; fileRef = 2C6AFC481C1A348A008DCBBE /* Notify.swift */; };
		2CA22CF71C127ACF006552B8 /* ModelData.xcdatamodeld in Sources */ = {isa = PBXBuildFile; fileRef = 2CA22CF51C127ACF006552B8 /* ModelData.xcdatamodeld */; };
		2CBD53251C1E5E9F0032C0BC /* Main.storyboard in Resources */ = {isa = PBXBuildFile; fileRef = 2CBD53271C1E5E9F0032C0BC /* Main.storyboard */; };
		2CBD532D1C1E64AA0032C0BC /* Amatic-Bold.ttf in Resources */ = {isa = PBXBuildFile; fileRef = 2CBD532C1C1E64AA0032C0BC /* Amatic-Bold.ttf */; };
		2CBD532F1C1E64C50032C0BC /* BEBAS___.ttf in Resources */ = {isa = PBXBuildFile; fileRef = 2CBD532E1C1E64C50032C0BC /* BEBAS___.ttf */; };
		2CBD53311C1E64D80032C0BC /* Capture_it.ttf in Resources */ = {isa = PBXBuildFile; fileRef = 2CBD53301C1E64D80032C0BC /* Capture_it.ttf */; };
		2CBD53331C1E64F20032C0BC /* Lobster_1.3.otf in Resources */ = {isa = PBXBuildFile; fileRef = 2CBD53321C1E64F20032C0BC /* Lobster_1.3.otf */; };
		2CBD53371C1E65400032C0BC /* Starjedi.ttf in Resources */ = {isa = PBXBuildFile; fileRef = 2CBD53361C1E65400032C0BC /* Starjedi.ttf */; };
		2CBD53391C1E65520032C0BC /* underwood_champion.ttf in Resources */ = {isa = PBXBuildFile; fileRef = 2CBD53381C1E65520032C0BC /* underwood_champion.ttf */; };
		2CBD533B1C1E76830032C0BC /* Letras.swift in Sources */ = {isa = PBXBuildFile; fileRef = 2CBD533A1C1E76830032C0BC /* Letras.swift */; };
		2CCCDB141C1146CD00EAEC71 /* TableViewCell.swift in Sources */ = {isa = PBXBuildFile; fileRef = 2CCCDB131C1146CD00EAEC71 /* TableViewCell.swift */; };
		2CE5BE431C1F64CB00CDE74C /* Ajustes.swift in Sources */ = {isa = PBXBuildFile; fileRef = 2CE5BE421C1F64CB00CDE74C /* Ajustes.swift */; };
		2CE5BE451C1F65A200CDE74C /* Colores.swift in Sources */ = {isa = PBXBuildFile; fileRef = 2CE5BE441C1F65A200CDE74C /* Colores.swift */; };
		2CFEDCA11C0E68ED00CAB35C /* AppDelegate.swift in Sources */ = {isa = PBXBuildFile; fileRef = 2CFEDCA01C0E68ED00CAB35C /* AppDelegate.swift */; };
		2CFEDCA31C0E68ED00CAB35C /* ViewController.swift in Sources */ = {isa = PBXBuildFile; fileRef = 2CFEDCA21C0E68ED00CAB35C /* ViewController.swift */; };
		2CFEDCA81C0E68ED00CAB35C /* Assets.xcassets in Resources */ = {isa = PBXBuildFile; fileRef = 2CFEDCA71C0E68ED00CAB35C /* Assets.xcassets */; };
		2CFEDCB61C0E68ED00CAB35C /* HeadAppTests.swift in Sources */ = {isa = PBXBuildFile; fileRef = 2CFEDCB51C0E68ED00CAB35C /* HeadAppTests.swift */; };
		2CFEDCC11C0E68EE00CAB35C /* HeadAppUITests.swift in Sources */ = {isa = PBXBuildFile; fileRef = 2CFEDCC01C0E68EE00CAB35C /* HeadAppUITests.swift */; };
/* End PBXBuildFile section */

/* Begin PBXContainerItemProxy section */
		2CFEDCB21C0E68ED00CAB35C /* PBXContainerItemProxy */ = {
			isa = PBXContainerItemProxy;
			containerPortal = 2CFEDC951C0E68ED00CAB35C /* Project object */;
			proxyType = 1;
			remoteGlobalIDString = 2CFEDC9C1C0E68ED00CAB35C;
			remoteInfo = HeadApp;
		};
		2CFEDCBD1C0E68EE00CAB35C /* PBXContainerItemProxy */ = {
			isa = PBXContainerItemProxy;
			containerPortal = 2CFEDC951C0E68ED00CAB35C /* Project object */;
			proxyType = 1;
			remoteGlobalIDString = 2CFEDC9C1C0E68ED00CAB35C;
			remoteInfo = HeadApp;
		};
/* End PBXContainerItemProxy section */

/* Begin PBXFileReference section */
		2C6AFC481C1A348A008DCBBE /* Notify.swift */ = {isa = PBXFileReference; fileEncoding = 4; lastKnownFileType = sourcecode.swift; path = Notify.swift; sourceTree = "<group>"; };
		2CA22CF61C127ACF006552B8 /* ModelData.xcdatamodel */ = {isa = PBXFileReference; lastKnownFileType = wrapper.xcdatamodel; path = ModelData.xcdatamodel; sourceTree = "<group>"; };
		2CBD53281C1E5EB50032C0BC /* Base */ = {isa = PBXFileReference; lastKnownFileType = file.storyboard; name = Base; path = Base.lproj/Main.storyboard; sourceTree = "<group>"; };
		2CBD53291C1E5ED00032C0BC /* es */ = {isa = PBXFileReference; lastKnownFileType = text.plist.strings; name = es; path = es.lproj/Main.strings; sourceTree = "<group>"; };
		2CBD532B1C1E5EEC0032C0BC /* en */ = {isa = PBXFileReference; lastKnownFileType = text.plist.strings; name = en; path = en.lproj/Main.strings; sourceTree = "<group>"; };
		2CBD532C1C1E64AA0032C0BC /* Amatic-Bold.ttf */ = {isa = PBXFileReference; lastKnownFileType = file; name = "Amatic-Bold.ttf"; path = "../../../../../Downloads/Fuentes/amatic/Amatic-Bold.ttf"; sourceTree = "<group>"; };
		2CBD532E1C1E64C50032C0BC /* BEBAS___.ttf */ = {isa = PBXFileReference; lastKnownFileType = file; name = "BEBAS___.ttf"; path = "../../../../../Downloads/Fuentes/Bebas/BEBAS___.ttf"; sourceTree = "<group>"; };
		2CBD53301C1E64D80032C0BC /* Capture_it.ttf */ = {isa = PBXFileReference; lastKnownFileType = file; name = Capture_it.ttf; path = "../../../../../Downloads/Fuentes/Capture-it/Capture_it.ttf"; sourceTree = "<group>"; };
		2CBD53321C1E64F20032C0BC /* Lobster_1.3.otf */ = {isa = PBXFileReference; lastKnownFileType = file; name = Lobster_1.3.otf; path = ../../../../../Downloads/Fuentes/Lobster/Lobster_1.3.otf; sourceTree = "<group>"; };
		2CBD53361C1E65400032C0BC /* Starjedi.ttf */ = {isa = PBXFileReference; lastKnownFileType = file; name = Starjedi.ttf; path = ../../../../../Downloads/star_jedi/starjedi/Starjedi.ttf; sourceTree = "<group>"; };
		2CBD53381C1E65520032C0BC /* underwood_champion.ttf */ = {isa = PBXFileReference; lastKnownFileType = file; name = underwood_champion.ttf; path = "../../../../../Downloads/Fuentes/Underwood-Champion/underwood_champion.ttf"; sourceTree = "<group>"; };
		2CBD533A1C1E76830032C0BC /* Letras.swift */ = {isa = PBXFileReference; fileEncoding = 4; lastKnownFileType = sourcecode.swift; path = Letras.swift; sourceTree = "<group>"; };
		2CCCDB131C1146CD00EAEC71 /* TableViewCell.swift */ = {isa = PBXFileReference; fileEncoding = 4; lastKnownFileType = sourcecode.swift; path = TableViewCell.swift; sourceTree = "<group>"; };
		2CE5BE421C1F64CB00CDE74C /* Ajustes.swift */ = {isa = PBXFileReference; fileEncoding = 4; lastKnownFileType = sourcecode.swift; path = Ajustes.swift; sourceTree = "<group>"; };
		2CE5BE441C1F65A200CDE74C /* Colores.swift */ = {isa = PBXFileReference; fileEncoding = 4; lastKnownFileType = sourcecode.swift; path = Colores.swift; sourceTree = "<group>"; };
		2CFEDC9D1C0E68ED00CAB35C /* HeadApp.app */ = {isa = PBXFileReference; explicitFileType = wrapper.application; includeInIndex = 0; path = HeadApp.app; sourceTree = BUILT_PRODUCTS_DIR; };
		2CFEDCA01C0E68ED00CAB35C /* AppDelegate.swift */ = {isa = PBXFileReference; lastKnownFileType = sourcecode.swift; path = AppDelegate.swift; sourceTree = "<group>"; };
		2CFEDCA21C0E68ED00CAB35C /* ViewController.swift */ = {isa = PBXFileReference; lastKnownFileType = sourcecode.swift; path = ViewController.swift; sourceTree = "<group>"; };
		2CFEDCA71C0E68ED00CAB35C /* Assets.xcassets */ = {isa = PBXFileReference; lastKnownFileType = folder.assetcatalog; path = Assets.xcassets; sourceTree = "<group>"; };
		2CFEDCAC1C0E68ED00CAB35C /* Info.plist */ = {isa = PBXFileReference; lastKnownFileType = text.plist.xml; path = Info.plist; sourceTree = "<group>"; };
		2CFEDCB11C0E68ED00CAB35C /* HeadAppTests.xctest */ = {isa = PBXFileReference; explicitFileType = wrapper.cfbundle; includeInIndex = 0; path = HeadAppTests.xctest; sourceTree = BUILT_PRODUCTS_DIR; };
		2CFEDCB51C0E68ED00CAB35C /* HeadAppTests.swift */ = {isa = PBXFileReference; lastKnownFileType = sourcecode.swift; path = HeadAppTests.swift; sourceTree = "<group>"; };
		2CFEDCB71C0E68ED00CAB35C /* Info.plist */ = {isa = PBXFileReference; lastKnownFileType = text.plist.xml; path = Info.plist; sourceTree = "<group>"; };
		2CFEDCBC1C0E68EE00CAB35C /* HeadAppUITests.xctest */ = {isa = PBXFileReference; explicitFileType = wrapper.cfbundle; includeInIndex = 0; path = HeadAppUITests.xctest; sourceTree = BUILT_PRODUCTS_DIR; };
		2CFEDCC01C0E68EE00CAB35C /* HeadAppUITests.swift */ = {isa = PBXFileReference; lastKnownFileType = sourcecode.swift; path = HeadAppUITests.swift; sourceTree = "<group>"; };
		2CFEDCC21C0E68EE00CAB35C /* Info.plist */ = {isa = PBXFileReference; lastKnownFileType = text.plist.xml; path = Info.plist; sourceTree = "<group>"; };
/* End PBXFileReference section */

/* Begin PBXFrameworksBuildPhase section */
		2CFEDC9A1C0E68ED00CAB35C /* Frameworks */ = {
			isa = PBXFrameworksBuildPhase;
			buildActionMask = 2147483647;
			files = (
			);
			runOnlyForDeploymentPostprocessing = 0;
		};
		2CFEDCAE1C0E68ED00CAB35C /* Frameworks */ = {
			isa = PBXFrameworksBuildPhase;
			buildActionMask = 2147483647;
			files = (
			);
			runOnlyForDeploymentPostprocessing = 0;
		};
		2CFEDCB91C0E68ED00CAB35C /* Frameworks */ = {
			isa = PBXFrameworksBuildPhase;
			buildActionMask = 2147483647;
			files = (
			);
			runOnlyForDeploymentPostprocessing = 0;
		};
/* End PBXFrameworksBuildPhase section */

/* Begin PBXGroup section */
		2CFEDC941C0E68ED00CAB35C = {
			isa = PBXGroup;
			children = (
				2CFEDC9F1C0E68ED00CAB35C /* HeadApp */,
				2CFEDCB41C0E68ED00CAB35C /* HeadAppTests */,
				2CFEDCBF1C0E68EE00CAB35C /* HeadAppUITests */,
				2CFEDC9E1C0E68ED00CAB35C /* Products */,
			);
			sourceTree = "<group>";
		};
		2CFEDC9E1C0E68ED00CAB35C /* Products */ = {
			isa = PBXGroup;
			children = (
				2CFEDC9D1C0E68ED00CAB35C /* HeadApp.app */,
				2CFEDCB11C0E68ED00CAB35C /* HeadAppTests.xctest */,
				2CFEDCBC1C0E68EE00CAB35C /* HeadAppUITests.xctest */,
			);
			name = Products;
			sourceTree = "<group>";
		};
		2CFEDC9F1C0E68ED00CAB35C /* HeadApp */ = {
			isa = PBXGroup;
			children = (
				2CFEDCA01C0E68ED00CAB35C /* AppDelegate.swift */,
				2CA22CF51C127ACF006552B8 /* ModelData.xcdatamodeld */,
				2CFEDCA21C0E68ED00CAB35C /* ViewController.swift */,
				2CBD532C1C1E64AA0032C0BC /* Amatic-Bold.ttf */,
				2CBD532E1C1E64C50032C0BC /* BEBAS___.ttf */,
				2CBD53301C1E64D80032C0BC /* Capture_it.ttf */,
				2CBD53361C1E65400032C0BC /* Starjedi.ttf */,
				2CBD53381C1E65520032C0BC /* underwood_champion.ttf */,
				2CBD53321C1E64F20032C0BC /* Lobster_1.3.otf */,
				2CBD53271C1E5E9F0032C0BC /* Main.storyboard */,
				2CBD533A1C1E76830032C0BC /* Letras.swift */,
				2CE5BE421C1F64CB00CDE74C /* Ajustes.swift */,
				2CE5BE441C1F65A200CDE74C /* Colores.swift */,
				2CFEDCA71C0E68ED00CAB35C /* Assets.xcassets */,
				2CFEDCAC1C0E68ED00CAB35C /* Info.plist */,
				2CCCDB131C1146CD00EAEC71 /* TableViewCell.swift */,
				2C6AFC481C1A348A008DCBBE /* Notify.swift */,
			);
			path = HeadApp;
			sourceTree = "<group>";
		};
		2CFEDCB41C0E68ED00CAB35C /* HeadAppTests */ = {
			isa = PBXGroup;
			children = (
				2CFEDCB51C0E68ED00CAB35C /* HeadAppTests.swift */,
				2CFEDCB71C0E68ED00CAB35C /* Info.plist */,
			);
			path = HeadAppTests;
			sourceTree = "<group>";
		};
		2CFEDCBF1C0E68EE00CAB35C /* HeadAppUITests */ = {
			isa = PBXGroup;
			children = (
				2CFEDCC01C0E68EE00CAB35C /* HeadAppUITests.swift */,
				2CFEDCC21C0E68EE00CAB35C /* Info.plist */,
			);
			path = HeadAppUITests;
			sourceTree = "<group>";
		};
/* End PBXGroup section */

/* Begin PBXNativeTarget section */
		2CFEDC9C1C0E68ED00CAB35C /* HeadApp */ = {
			isa = PBXNativeTarget;
			buildConfigurationList = 2CFEDCC51C0E68EE00CAB35C /* Build configuration list for PBXNativeTarget "HeadApp" */;
			buildPhases = (
				2CFEDC991C0E68ED00CAB35C /* Sources */,
				2CFEDC9A1C0E68ED00CAB35C /* Frameworks */,
				2CFEDC9B1C0E68ED00CAB35C /* Resources */,
			);
			buildRules = (
			);
			dependencies = (
			);
			name = HeadApp;
			productName = HeadApp;
			productReference = 2CFEDC9D1C0E68ED00CAB35C /* HeadApp.app */;
			productType = "com.apple.product-type.application";
		};
		2CFEDCB01C0E68ED00CAB35C /* HeadAppTests */ = {
			isa = PBXNativeTarget;
			buildConfigurationList = 2CFEDCC81C0E68EE00CAB35C /* Build configuration list for PBXNativeTarget "HeadAppTests" */;
			buildPhases = (
				2CFEDCAD1C0E68ED00CAB35C /* Sources */,
				2CFEDCAE1C0E68ED00CAB35C /* Frameworks */,
				2CFEDCAF1C0E68ED00CAB35C /* Resources */,
			);
			buildRules = (
			);
			dependencies = (
				2CFEDCB31C0E68ED00CAB35C /* PBXTargetDependency */,
			);
			name = HeadAppTests;
			productName = HeadAppTests;
			productReference = 2CFEDCB11C0E68ED00CAB35C /* HeadAppTests.xctest */;
			productType = "com.apple.product-type.bundle.unit-test";
		};
		2CFEDCBB1C0E68ED00CAB35C /* HeadAppUITests */ = {
			isa = PBXNativeTarget;
			buildConfigurationList = 2CFEDCCB1C0E68EE00CAB35C /* Build configuration list for PBXNativeTarget "HeadAppUITests" */;
			buildPhases = (
				2CFEDCB81C0E68ED00CAB35C /* Sources */,
				2CFEDCB91C0E68ED00CAB35C /* Frameworks */,
				2CFEDCBA1C0E68ED00CAB35C /* Resources */,
			);
			buildRules = (
			);
			dependencies = (
				2CFEDCBE1C0E68EE00CAB35C /* PBXTargetDependency */,
			);
			name = HeadAppUITests;
			productName = HeadAppUITests;
			productReference = 2CFEDCBC1C0E68EE00CAB35C /* HeadAppUITests.xctest */;
			productType = "com.apple.product-type.bundle.ui-testing";
		};
/* End PBXNativeTarget section */

/* Begin PBXProject section */
		2CFEDC951C0E68ED00CAB35C /* Project object */ = {
			isa = PBXProject;
			attributes = {
				KnownAssetTags = (
					hola,
				);
				LastSwiftUpdateCheck = 0710;
				LastUpgradeCheck = 0710;
				ORGANIZATIONNAME = "Giovanny Piñeros";
				TargetAttributes = {
					2CFEDC9C1C0E68ED00CAB35C = {
						CreatedOnToolsVersion = 7.1.1;
					};
					2CFEDCB01C0E68ED00CAB35C = {
						CreatedOnToolsVersion = 7.1.1;
						TestTargetID = 2CFEDC9C1C0E68ED00CAB35C;
					};
					2CFEDCBB1C0E68ED00CAB35C = {
						CreatedOnToolsVersion = 7.1.1;
						TestTargetID = 2CFEDC9C1C0E68ED00CAB35C;
					};
				};
			};
			buildConfigurationList = 2CFEDC981C0E68ED00CAB35C /* Build configuration list for PBXProject "HeadApp" */;
			compatibilityVersion = "Xcode 3.2";
			developmentRegion = English;
			hasScannedForEncodings = 0;
			knownRegions = (
				en,
				es,
				"es-MX",
				Base,
			);
			mainGroup = 2CFEDC941C0E68ED00CAB35C;
			productRefGroup = 2CFEDC9E1C0E68ED00CAB35C /* Products */;
			projectDirPath = "";
			projectRoot = "";
			targets = (
				2CFEDC9C1C0E68ED00CAB35C /* HeadApp */,
				2CFEDCB01C0E68ED00CAB35C /* HeadAppTests */,
				2CFEDCBB1C0E68ED00CAB35C /* HeadAppUITests */,
			);
		};
/* End PBXProject section */

/* Begin PBXResourcesBuildPhase section */
		2CFEDC9B1C0E68ED00CAB35C /* Resources */ = {
			isa = PBXResourcesBuildPhase;
			buildActionMask = 2147483647;
			files = (
				2CBD53251C1E5E9F0032C0BC /* Main.storyboard in Resources */,
				2CFEDCA81C0E68ED00CAB35C /* Assets.xcassets in Resources */,
				2CBD53331C1E64F20032C0BC /* Lobster_1.3.otf in Resources */,
				2CBD532F1C1E64C50032C0BC /* BEBAS___.ttf in Resources */,
				2CBD532D1C1E64AA0032C0BC /* Amatic-Bold.ttf in Resources */,
				2CBD53371C1E65400032C0BC /* Starjedi.ttf in Resources */,
				2CBD53311C1E64D80032C0BC /* Capture_it.ttf in Resources */,
				2CBD53391C1E65520032C0BC /* underwood_champion.ttf in Resources */,
			);
			runOnlyForDeploymentPostprocessing = 0;
		};
		2CFEDCAF1C0E68ED00CAB35C /* Resources */ = {
			isa = PBXResourcesBuildPhase;
			buildActionMask = 2147483647;
			files = (
			);
			runOnlyForDeploymentPostprocessing = 0;
		};
		2CFEDCBA1C0E68ED00CAB35C /* Resources */ = {
			isa = PBXResourcesBuildPhase;
			buildActionMask = 2147483647;
			files = (
			);
			runOnlyForDeploymentPostprocessing = 0;
		};
/* End PBXResourcesBuildPhase section */

/* Begin PBXSourcesBuildPhase section */
		2CFEDC991C0E68ED00CAB35C /* Sources */ = {
			isa = PBXSourcesBuildPhase;
			buildActionMask = 2147483647;
			files = (
				2CA22CF71C127ACF006552B8 /* ModelData.xcdatamodeld in Sources */,
				2CE5BE451C1F65A200CDE74C /* Colores.swift in Sources */,
				2CBD533B1C1E76830032C0BC /* Letras.swift in Sources */,
				2CCCDB141C1146CD00EAEC71 /* TableViewCell.swift in Sources */,
				2CFEDCA31C0E68ED00CAB35C /* ViewController.swift in Sources */,
				2CE5BE431C1F64CB00CDE74C /* Ajustes.swift in Sources */,
				2CFEDCA11C0E68ED00CAB35C /* AppDelegate.swift in Sources */,
				2C6AFC491C1A348A008DCBBE /* Notify.swift in Sources */,
			);
			runOnlyForDeploymentPostprocessing = 0;
		};
		2CFEDCAD1C0E68ED00CAB35C /* Sources */ = {
			isa = PBXSourcesBuildPhase;
			buildActionMask = 2147483647;
			files = (
				2CFEDCB61C0E68ED00CAB35C /* HeadAppTests.swift in Sources */,
			);
			runOnlyForDeploymentPostprocessing = 0;
		};
		2CFEDCB81C0E68ED00CAB35C /* Sources */ = {
			isa = PBXSourcesBuildPhase;
			buildActionMask = 2147483647;
			files = (
				2CFEDCC11C0E68EE00CAB35C /* HeadAppUITests.swift in Sources */,
			);
			runOnlyForDeploymentPostprocessing = 0;
		};
/* End PBXSourcesBuildPhase section */

/* Begin PBXTargetDependency section */
		2CFEDCB31C0E68ED00CAB35C /* PBXTargetDependency */ = {
			isa = PBXTargetDependency;
			target = 2CFEDC9C1C0E68ED00CAB35C /* HeadApp */;
			targetProxy = 2CFEDCB21C0E68ED00CAB35C /* PBXContainerItemProxy */;
		};
		2CFEDCBE1C0E68EE00CAB35C /* PBXTargetDependency */ = {
			isa = PBXTargetDependency;
			target = 2CFEDC9C1C0E68ED00CAB35C /* HeadApp */;
			targetProxy = 2CFEDCBD1C0E68EE00CAB35C /* PBXContainerItemProxy */;
		};
/* End PBXTargetDependency section */

/* Begin PBXVariantGroup section */
		2CBD53271C1E5E9F0032C0BC /* Main.storyboard */ = {
			isa = PBXVariantGroup;
			children = (
				2CBD53281C1E5EB50032C0BC /* Base */,
				2CBD53291C1E5ED00032C0BC /* es */,
				2CBD532B1C1E5EEC0032C0BC /* en */,
			);
			name = Main.storyboard;
			path = ../../../../../.Trash;
			sourceTree = "<group>";
		};
/* End PBXVariantGroup section */

/* Begin XCBuildConfiguration section */
		2CFEDCC31C0E68EE00CAB35C /* Debug */ = {
			isa = XCBuildConfiguration;
			buildSettings = {
				ALWAYS_SEARCH_USER_PATHS = NO;
				CLANG_CXX_LANGUAGE_STANDARD = "gnu++0x";
				CLANG_CXX_LIBRARY = "libc++";
				CLANG_ENABLE_MODULES = YES;
				CLANG_ENABLE_OBJC_ARC = YES;
				CLANG_WARN_BOOL_CONVERSION = YES;
				CLANG_WARN_CONSTANT_CONVERSION = YES;
				CLANG_WARN_DIRECT_OBJC_ISA_USAGE = YES_ERROR;
				CLANG_WARN_EMPTY_BODY = YES;
				CLANG_WARN_ENUM_CONVERSION = YES;
				CLANG_WARN_INT_CONVERSION = YES;
				CLANG_WARN_OBJC_ROOT_CLASS = YES_ERROR;
				CLANG_WARN_UNREACHABLE_CODE = YES;
				CLANG_WARN__DUPLICATE_METHOD_MATCH = YES;
				"CODE_SIGN_IDENTITY[sdk=iphoneos*]" = "iPhone Developer";
				COPY_PHASE_STRIP = NO;
				DEBUG_INFORMATION_FORMAT = dwarf;
				ENABLE_STRICT_OBJC_MSGSEND = YES;
				ENABLE_TESTABILITY = YES;
				GCC_C_LANGUAGE_STANDARD = gnu99;
				GCC_DYNAMIC_NO_PIC = NO;
				GCC_NO_COMMON_BLOCKS = YES;
				GCC_OPTIMIZATION_LEVEL = 0;
				GCC_PREPROCESSOR_DEFINITIONS = (
					"DEBUG=1",
					"$(inherited)",
				);
				GCC_WARN_64_TO_32_BIT_CONVERSION = YES;
				GCC_WARN_ABOUT_RETURN_TYPE = YES_ERROR;
				GCC_WARN_UNDECLARED_SELECTOR = YES;
				GCC_WARN_UNINITIALIZED_AUTOS = YES_AGGRESSIVE;
				GCC_WARN_UNUSED_FUNCTION = YES;
				GCC_WARN_UNUSED_VARIABLE = YES;
				IPHONEOS_DEPLOYMENT_TARGET = 9.1;
				MTL_ENABLE_DEBUG_INFO = YES;
				ONLY_ACTIVE_ARCH = YES;
				SDKROOT = iphoneos;
				SWIFT_OPTIMIZATION_LEVEL = "-Onone";
			};
			name = Debug;
		};
		2CFEDCC41C0E68EE00CAB35C /* Release */ = {
			isa = XCBuildConfiguration;
			buildSettings = {
				ALWAYS_SEARCH_USER_PATHS = NO;
				CLANG_CXX_LANGUAGE_STANDARD = "gnu++0x";
				CLANG_CXX_LIBRARY = "libc++";
				CLANG_ENABLE_MODULES = YES;
				CLANG_ENABLE_OBJC_ARC = YES;
				CLANG_WARN_BOOL_CONVERSION = YES;
				CLANG_WARN_CONSTANT_CONVERSION = YES;
				CLANG_WARN_DIRECT_OBJC_ISA_USAGE = YES_ERROR;
				CLANG_WARN_EMPTY_BODY = YES;
				CLANG_WARN_ENUM_CONVERSION = YES;
				CLANG_WARN_INT_CONVERSION = YES;
				CLANG_WARN_OBJC_ROOT_CLASS = YES_ERROR;
				CLANG_WARN_UNREACHABLE_CODE = YES;
				CLANG_WARN__DUPLICATE_METHOD_MATCH = YES;
				"CODE_SIGN_IDENTITY[sdk=iphoneos*]" = "iPhone Developer";
				COPY_PHASE_STRIP = NO;
				DEBUG_INFORMATION_FORMAT = "dwarf-with-dsym";
				ENABLE_NS_ASSERTIONS = NO;
				ENABLE_STRICT_OBJC_MSGSEND = YES;
				GCC_C_LANGUAGE_STANDARD = gnu99;
				GCC_NO_COMMON_BLOCKS = YES;
				GCC_WARN_64_TO_32_BIT_CONVERSION = YES;
				GCC_WARN_ABOUT_RETURN_TYPE = YES_ERROR;
				GCC_WARN_UNDECLARED_SELECTOR = YES;
				GCC_WARN_UNINITIALIZED_AUTOS = YES_AGGRESSIVE;
				GCC_WARN_UNUSED_FUNCTION = YES;
				GCC_WARN_UNUSED_VARIABLE = YES;
				IPHONEOS_DEPLOYMENT_TARGET = 9.1;
				MTL_ENABLE_DEBUG_INFO = NO;
				SDKROOT = iphoneos;
				VALIDATE_PRODUCT = YES;
			};
			name = Release;
		};
		2CFEDCC61C0E68EE00CAB35C /* Debug */ = {
			isa = XCBuildConfiguration;
			buildSettings = {
				ASSETCATALOG_COMPILER_APPICON_NAME = AppIcon;
				CODE_SIGN_IDENTITY = "iPhone Developer";
				INFOPLIST_FILE = HeadApp/Info.plist;
				LD_RUNPATH_SEARCH_PATHS = "$(inherited) @executable_path/Frameworks";
				PRODUCT_BUNDLE_IDENTIFIER = com.goblent.HeadApp;
				PRODUCT_NAME = "$(TARGET_NAME)";
			};
			name = Debug;
		};
		2CFEDCC71C0E68EE00CAB35C /* Release */ = {
			isa = XCBuildConfiguration;
			buildSettings = {
				ASSETCATALOG_COMPILER_APPICON_NAME = AppIcon;
				CODE_SIGN_IDENTITY = "iPhone Developer";
				INFOPLIST_FILE = HeadApp/Info.plist;
				LD_RUNPATH_SEARCH_PATHS = "$(inherited) @executable_path/Frameworks";
				PRODUCT_BUNDLE_IDENTIFIER = com.goblent.HeadApp;
				PRODUCT_NAME = "$(TARGET_NAME)";
			};
			name = Release;
		};
		2CFEDCC91C0E68EE00CAB35C /* Debug */ = {
			isa = XCBuildConfiguration;
			buildSettings = {
				BUNDLE_LOADER = "$(TEST_HOST)";
				INFOPLIST_FILE = HeadAppTests/Info.plist;
				LD_RUNPATH_SEARCH_PATHS = "$(inherited) @executable_path/Frameworks @loader_path/Frameworks";
				PRODUCT_BUNDLE_IDENTIFIER = com.goblent.HeadAppTests;
				PRODUCT_NAME = "$(TARGET_NAME)";
				TEST_HOST = "$(BUILT_PRODUCTS_DIR)/HeadApp.app/HeadApp";
			};
			name = Debug;
		};
		2CFEDCCA1C0E68EE00CAB35C /* Release */ = {
			isa = XCBuildConfiguration;
			buildSettings = {
				BUNDLE_LOADER = "$(TEST_HOST)";
				INFOPLIST_FILE = HeadAppTests/Info.plist;
				LD_RUNPATH_SEARCH_PATHS = "$(inherited) @executable_path/Frameworks @loader_path/Frameworks";
				PRODUCT_BUNDLE_IDENTIFIER = com.goblent.HeadAppTests;
				PRODUCT_NAME = "$(TARGET_NAME)";
				TEST_HOST = "$(BUILT_PRODUCTS_DIR)/HeadApp.app/HeadApp";
			};
			name = Release;
		};
		2CFEDCCC1C0E68EE00CAB35C /* Debug */ = {
			isa = XCBuildConfiguration;
			buildSettings = {
				INFOPLIST_FILE = HeadAppUITests/Info.plist;
				LD_RUNPATH_SEARCH_PATHS = "$(inherited) @executable_path/Frameworks @loader_path/Frameworks";
				PRODUCT_BUNDLE_IDENTIFIER = com.goblent.HeadAppUITests;
				PRODUCT_NAME = "$(TARGET_NAME)";
				TEST_TARGET_NAME = HeadApp;
				USES_XCTRUNNER = YES;
			};
			name = Debug;
		};
		2CFEDCCD1C0E68EE00CAB35C /* Release */ = {
			isa = XCBuildConfiguration;
			buildSettings = {
				INFOPLIST_FILE = HeadAppUITests/Info.plist;
				LD_RUNPATH_SEARCH_PATHS = "$(inherited) @executable_path/Frameworks @loader_path/Frameworks";
				PRODUCT_BUNDLE_IDENTIFIER = com.goblent.HeadAppUITests;
				PRODUCT_NAME = "$(TARGET_NAME)";
				TEST_TARGET_NAME = HeadApp;
				USES_XCTRUNNER = YES;
			};
			name = Release;
		};
/* End XCBuildConfiguration section */

/* Begin XCConfigurationList section */
		2CFEDC981C0E68ED00CAB35C /* Build configuration list for PBXProject "HeadApp" */ = {
			isa = XCConfigurationList;
			buildConfigurations = (
				2CFEDCC31C0E68EE00CAB35C /* Debug */,
				2CFEDCC41C0E68EE00CAB35C /* Release */,
			);
			defaultConfigurationIsVisible = 0;
			defaultConfigurationName = Release;
		};
		2CFEDCC51C0E68EE00CAB35C /* Build configuration list for PBXNativeTarget "HeadApp" */ = {
			isa = XCConfigurationList;
			buildConfigurations = (
				2CFEDCC61C0E68EE00CAB35C /* Debug */,
				2CFEDCC71C0E68EE00CAB35C /* Release */,
			);
			defaultConfigurationIsVisible = 0;
			defaultConfigurationName = Release;
		};
		2CFEDCC81C0E68EE00CAB35C /* Build configuration list for PBXNativeTarget "HeadAppTests" */ = {
			isa = XCConfigurationList;
			buildConfigurations = (
				2CFEDCC91C0E68EE00CAB35C /* Debug */,
				2CFEDCCA1C0E68EE00CAB35C /* Release */,
			);
			defaultConfigurationIsVisible = 0;
			defaultConfigurationName = Release;
		};
		2CFEDCCB1C0E68EE00CAB35C /* Build configuration list for PBXNativeTarget "HeadAppUITests" */ = {
			isa = XCConfigurationList;
			buildConfigurations = (
				2CFEDCCC1C0E68EE00CAB35C /* Debug */,
				2CFEDCCD1C0E68EE00CAB35C /* Release */,
			);
			defaultConfigurationIsVisible = 0;
			defaultConfigurationName = Release;
		};
/* End XCConfigurationList section */

/* Begin XCVersionGroup section */
		2CA22CF51C127ACF006552B8 /* ModelData.xcdatamodeld */ = {
			isa = XCVersionGroup;
			children = (
				2CA22CF61C127ACF006552B8 /* ModelData.xcdatamodel */,
			);
			currentVersion = 2CA22CF61C127ACF006552B8 /* ModelData.xcdatamodel */;
			path = ModelData.xcdatamodeld;
			sourceTree = "<group>";
			versionGroupType = wrapper.xcdatamodel;
		};
/* End XCVersionGroup section */
	};
	rootObject = 2CFEDC951C0E68ED00CAB35C /* Project object */;
}
